
Microsoft Visual Studio Solution File, Format Version 12.00
# Visual Studio Version 16
VisualStudioVersion = 16.0.30717.126
MinimumVisualStudioVersion = 10.0.40219.1
Project("{FAE04EC0-301F-11D3-BF4B-00C04F79EFBC}") = "Thabab", "Thabab.csproj", "{99EE27B9-249A-4F3B-A160-CEF0E30DF5C0}"
EndProject
Global
	GlobalSection(SolutionConfigurationPlatforms) = preSolution
		Debug|Any CPU = Debug|Any CPU
		Release|Any CPU = Release|Any CPU
	EndGlobalSection
	GlobalSection(ProjectConfigurationPlatforms) = postSolution
		{99EE27B9-249A-4F3B-A160-CEF0E30DF5C0}.Debug|Any CPU.ActiveCfg = Debug|Any CPU
		{99EE27B9-249A-4F3B-A160-CEF0E30DF5C0}.Debug|Any CPU.Build.0 = Debug|Any CPU
		{99EE27B9-249A-4F3B-A160-CEF0E30DF5C0}.Release|Any CPU.ActiveCfg = Release|Any CPU
		{99EE27B9-249A-4F3B-A160-CEF0E30DF5C0}.Release|Any CPU.Build.0 = Release|Any CPU
	EndGlobalSection
	GlobalSection(SolutionProperties) = preSolution
		HideSolutionNode = FALSE
	EndGlobalSection
	GlobalSection(ExtensibilityGlobals) = postSolution
		SolutionGuid = {37EDBA12-F493-45A5-943E-02B0F59AE72E}
	EndGlobalSection
EndGlobal
